
Microsoft Visual Studio Solution File, Format Version 12.00
# Visual Studio Version 17
VisualStudioVersion = 17.4.33205.214
MinimumVisualStudioVersion = 10.0.40219.1
Project("{FAE04EC0-301F-11D3-BF4B-00C04F79EFBC}") = "Core", "CommunalCalculatorTest\Core.csproj", "{59AB3D17-1084-45DF-91E1-C7B1E7C95538}"
EndProject
Project("{FAE04EC0-301F-11D3-BF4B-00C04F79EFBC}") = "Tests", "Tests\Tests.csproj", "{D7F00B66-6F9F-45E2-9F66-9C2E71FEE19D}"
EndProject
Project("{FAE04EC0-301F-11D3-BF4B-00C04F79EFBC}") = "DataEF", "DataEF\DataEF.csproj", "{B802EE0E-3EAA-4836-A898-27ADC8A1AEB8}"
EndProject
Project("{FAE04EC0-301F-11D3-BF4B-00C04F79EFBC}") = "CommunalCalculator.Cli", "CommunalCalculator.Cli\CommunalCalculator.Cli.csproj", "{80D16507-4A85-4E59-B77B-034AAC52D6E4}"
EndProject
Project("{FAE04EC0-301F-11D3-BF4B-00C04F79EFBC}") = "WebUi", "WebUi\WebUi.csproj", "{D3D6F875-7D37-4402-A08C-9676E553F6F3}"
EndProject
Global
	GlobalSection(SolutionConfigurationPlatforms) = preSolution
		Debug|Any CPU = Debug|Any CPU
		Release|Any CPU = Release|Any CPU
	EndGlobalSection
	GlobalSection(ProjectConfigurationPlatforms) = postSolution
		{59AB3D17-1084-45DF-91E1-C7B1E7C95538}.Debug|Any CPU.ActiveCfg = Debug|Any CPU
		{59AB3D17-1084-45DF-91E1-C7B1E7C95538}.Debug|Any CPU.Build.0 = Debug|Any CPU
		{59AB3D17-1084-45DF-91E1-C7B1E7C95538}.Release|Any CPU.ActiveCfg = Release|Any CPU
		{59AB3D17-1084-45DF-91E1-C7B1E7C95538}.Release|Any CPU.Build.0 = Release|Any CPU
		{D7F00B66-6F9F-45E2-9F66-9C2E71FEE19D}.Debug|Any CPU.ActiveCfg = Debug|Any CPU
		{D7F00B66-6F9F-45E2-9F66-9C2E71FEE19D}.Debug|Any CPU.Build.0 = Debug|Any CPU
		{D7F00B66-6F9F-45E2-9F66-9C2E71FEE19D}.Release|Any CPU.ActiveCfg = Release|Any CPU
		{D7F00B66-6F9F-45E2-9F66-9C2E71FEE19D}.Release|Any CPU.Build.0 = Release|Any CPU
		{B802EE0E-3EAA-4836-A898-27ADC8A1AEB8}.Debug|Any CPU.ActiveCfg = Debug|Any CPU
		{B802EE0E-3EAA-4836-A898-27ADC8A1AEB8}.Debug|Any CPU.Build.0 = Debug|Any CPU
		{B802EE0E-3EAA-4836-A898-27ADC8A1AEB8}.Release|Any CPU.ActiveCfg = Release|Any CPU
		{B802EE0E-3EAA-4836-A898-27ADC8A1AEB8}.Release|Any CPU.Build.0 = Release|Any CPU
		{80D16507-4A85-4E59-B77B-034AAC52D6E4}.Debug|Any CPU.ActiveCfg = Debug|Any CPU
		{80D16507-4A85-4E59-B77B-034AAC52D6E4}.Debug|Any CPU.Build.0 = Debug|Any CPU
		{80D16507-4A85-4E59-B77B-034AAC52D6E4}.Release|Any CPU.ActiveCfg = Release|Any CPU
		{80D16507-4A85-4E59-B77B-034AAC52D6E4}.Release|Any CPU.Build.0 = Release|Any CPU
		{D3D6F875-7D37-4402-A08C-9676E553F6F3}.Debug|Any CPU.ActiveCfg = Debug|Any CPU
		{D3D6F875-7D37-4402-A08C-9676E553F6F3}.Debug|Any CPU.Build.0 = Debug|Any CPU
		{D3D6F875-7D37-4402-A08C-9676E553F6F3}.Release|Any CPU.ActiveCfg = Release|Any CPU
		{D3D6F875-7D37-4402-A08C-9676E553F6F3}.Release|Any CPU.Build.0 = Release|Any CPU
	EndGlobalSection
	GlobalSection(SolutionProperties) = preSolution
		HideSolutionNode = FALSE
	EndGlobalSection
	GlobalSection(ExtensibilityGlobals) = postSolution
		SolutionGuid = {31418818-65D3-43E6-A038-BEACD02308F7}
	EndGlobalSection
EndGlobal
